{
    "_readme": [
        "This file locks the dependencies of your project to a known state",
        "Read more about it at https://getcomposer.org/doc/01-basic-usage.md#installing-dependencies",
        "This file is @generated automatically"
    ],
    "content-hash": "f48dd6fc509fdeb45135860d1cae3259",
    "packages": [],
    "packages-dev": [
        {
            "name": "psalm/phar",
            "version": "3.12.2",
            "source": {
                "type": "git",
                "url": "https://github.com/psalm/phar.git",
                "reference": "19957cf3088ffc9d7c02f9e692f9c0a7522fe3ff"
            },
            "dist": {
                "type": "zip",
                "url": "https://api.github.com/repos/psalm/phar/zipball/19957cf3088ffc9d7c02f9e692f9c0a7522fe3ff",
                "reference": "19957cf3088ffc9d7c02f9e692f9c0a7522fe3ff",
                "shasum": ""
            },
            "require": {
                "php": "^7.1"
            },
            "conflict": {
                "vimeo/psalm": "*"
            },
            "bin": [
                "psalm.phar"
            ],
            "type": "library",
            "notification-url": "https://packagist.org/downloads/",
            "license": [
                "MIT"
            ],
            "description": "Composer-based Psalm Phar",
            "time": "2020-07-03T19:29:42+00:00"
        }
    ],
    "aliases": [],
    "minimum-stability": "stable",
    "stability-flags": [],
    "prefer-stable": false,
    "prefer-lowest": false,
    "platform": [],
    "platform-dev": [],
    "plugin-api-version": "1.1.0"
}
